
Microsoft Visual Studio Solution File, Format Version 12.00
# Visual Studio 14
VisualStudioVersion = 14.0.25420.1
MinimumVisualStudioVersion = 10.0.40219.1
Project("{FAE04EC0-301F-11D3-BF4B-00C04F79EFBC}") = "App2.Droid", "App2\App2.Droid\App2.Droid.csproj", "{BB458E4C-9E1C-4FE9-899F-727ABE2F43AE}"
EndProject
Project("{FAE04EC0-301F-11D3-BF4B-00C04F79EFBC}") = "App2.iOS", "App2\App2.iOS\App2.iOS.csproj", "{26BC1E1C-A24F-4265-8BF1-099A1AB0D80A}"
EndProject
Project("{FAE04EC0-301F-11D3-BF4B-00C04F79EFBC}") = "App2.WinPhone", "App2\App2.WinPhone\App2.WinPhone.csproj", "{2235BBBF-D439-4CF5-A183-2CA49D2599C0}"
EndProject
Project("{FAE04EC0-301F-11D3-BF4B-00C04F79EFBC}") = "App2", "App2\App2\App2.csproj", "{87FEACAB-583D-475D-A5CF-9B2631BE3060}"
EndProject
Global
	GlobalSection(SolutionConfigurationPlatforms) = preSolution
		Debug|Any CPU = Debug|Any CPU
		Debug|ARM = Debug|ARM
		Debug|iPhone = Debug|iPhone
		Debug|iPhoneSimulator = Debug|iPhoneSimulator
		Debug|x86 = Debug|x86
		Release|Any CPU = Release|Any CPU
		Release|ARM = Release|ARM
		Release|iPhone = Release|iPhone
		Release|iPhoneSimulator = Release|iPhoneSimulator
		Release|x86 = Release|x86
	EndGlobalSection
	GlobalSection(ProjectConfigurationPlatforms) = postSolution
		{BB458E4C-9E1C-4FE9-899F-727ABE2F43AE}.Debug|Any CPU.ActiveCfg = Debug|Any CPU
		{BB458E4C-9E1C-4FE9-899F-727ABE2F43AE}.Debug|Any CPU.Build.0 = Debug|Any CPU
		{BB458E4C-9E1C-4FE9-899F-727ABE2F43AE}.Debug|Any CPU.Deploy.0 = Debug|Any CPU
		{BB458E4C-9E1C-4FE9-899F-727ABE2F43AE}.Debug|ARM.ActiveCfg = Debug|Any CPU
		{BB458E4C-9E1C-4FE9-899F-727ABE2F43AE}.Debug|ARM.Build.0 = Debug|Any CPU
		{BB458E4C-9E1C-4FE9-899F-727ABE2F43AE}.Debug|ARM.Deploy.0 = Debug|Any CPU
		{BB458E4C-9E1C-4FE9-899F-727ABE2F43AE}.Debug|iPhone.ActiveCfg = Debug|Any CPU
		{BB458E4C-9E1C-4FE9-899F-727ABE2F43AE}.Debug|iPhone.Build.0 = Debug|Any CPU
		{BB458E4C-9E1C-4FE9-899F-727ABE2F43AE}.Debug|iPhone.Deploy.0 = Debug|Any CPU
		{BB458E4C-9E1C-4FE9-899F-727ABE2F43AE}.Debug|iPhoneSimulator.ActiveCfg = Debug|Any CPU
		{BB458E4C-9E1C-4FE9-899F-727ABE2F43AE}.Debug|iPhoneSimulator.Build.0 = Debug|Any CPU
		{BB458E4C-9E1C-4FE9-899F-727ABE2F43AE}.Debug|iPhoneSimulator.Deploy.0 = Debug|Any CPU
		{BB458E4C-9E1C-4FE9-899F-727ABE2F43AE}.Debug|x86.ActiveCfg = Debug|Any CPU
		{BB458E4C-9E1C-4FE9-899F-727ABE2F43AE}.Debug|x86.Build.0 = Debug|Any CPU
		{BB458E4C-9E1C-4FE9-899F-727ABE2F43AE}.Debug|x86.Deploy.0 = Debug|Any CPU
		{BB458E4C-9E1C-4FE9-899F-727ABE2F43AE}.Release|Any CPU.ActiveCfg = Release|Any CPU
		{BB458E4C-9E1C-4FE9-899F-727ABE2F43AE}.Release|Any CPU.Build.0 = Release|Any CPU
		{BB458E4C-9E1C-4FE9-899F-727ABE2F43AE}.Release|Any CPU.Deploy.0 = Release|Any CPU
		{BB458E4C-9E1C-4FE9-899F-727ABE2F43AE}.Release|ARM.ActiveCfg = Release|Any CPU
		{BB458E4C-9E1C-4FE9-899F-727ABE2F43AE}.Release|ARM.Build.0 = Release|Any CPU
		{BB458E4C-9E1C-4FE9-899F-727ABE2F43AE}.Release|ARM.Deploy.0 = Release|Any CPU
		{BB458E4C-9E1C-4FE9-899F-727ABE2F43AE}.Release|iPhone.ActiveCfg = Release|Any CPU
		{BB458E4C-9E1C-4FE9-899F-727ABE2F43AE}.Release|iPhone.Build.0 = Release|Any CPU
		{BB458E4C-9E1C-4FE9-899F-727ABE2F43AE}.Release|iPhone.Deploy.0 = Release|Any CPU
		{BB458E4C-9E1C-4FE9-899F-727ABE2F43AE}.Release|iPhoneSimulator.ActiveCfg = Release|Any CPU
		{BB458E4C-9E1C-4FE9-899F-727ABE2F43AE}.Release|iPhoneSimulator.Build.0 = Release|Any CPU
		{BB458E4C-9E1C-4FE9-899F-727ABE2F43AE}.Release|iPhoneSimulator.Deploy.0 = Release|Any CPU
		{BB458E4C-9E1C-4FE9-899F-727ABE2F43AE}.Release|x86.ActiveCfg = Release|Any CPU
		{BB458E4C-9E1C-4FE9-899F-727ABE2F43AE}.Release|x86.Build.0 = Release|Any CPU
		{BB458E4C-9E1C-4FE9-899F-727ABE2F43AE}.Release|x86.Deploy.0 = Release|Any CPU
		{26BC1E1C-A24F-4265-8BF1-099A1AB0D80A}.Debug|Any CPU.ActiveCfg = Debug|iPhone
		{26BC1E1C-A24F-4265-8BF1-099A1AB0D80A}.Debug|ARM.ActiveCfg = Debug|iPhone
		{26BC1E1C-A24F-4265-8BF1-099A1AB0D80A}.Debug|iPhone.ActiveCfg = Debug|iPhone
		{26BC1E1C-A24F-4265-8BF1-099A1AB0D80A}.Debug|iPhone.Build.0 = Debug|iPhone
		{26BC1E1C-A24F-4265-8BF1-099A1AB0D80A}.Debug|iPhoneSimulator.ActiveCfg = Debug|iPhoneSimulator
		{26BC1E1C-A24F-4265-8BF1-099A1AB0D80A}.Debug|iPhoneSimulator.Build.0 = Debug|iPhoneSimulator
		{26BC1E1C-A24F-4265-8BF1-099A1AB0D80A}.Debug|x86.ActiveCfg = Debug|iPhone
		{26BC1E1C-A24F-4265-8BF1-099A1AB0D80A}.Release|Any CPU.ActiveCfg = Release|iPhone
		{26BC1E1C-A24F-4265-8BF1-099A1AB0D80A}.Release|ARM.ActiveCfg = Release|iPhone
		{26BC1E1C-A24F-4265-8BF1-099A1AB0D80A}.Release|iPhone.ActiveCfg = Release|iPhone
		{26BC1E1C-A24F-4265-8BF1-099A1AB0D80A}.Release|iPhone.Build.0 = Release|iPhone
		{26BC1E1C-A24F-4265-8BF1-099A1AB0D80A}.Release|iPhoneSimulator.ActiveCfg = Release|iPhoneSimulator
		{26BC1E1C-A24F-4265-8BF1-099A1AB0D80A}.Release|iPhoneSimulator.Build.0 = Release|iPhoneSimulator
		{26BC1E1C-A24F-4265-8BF1-099A1AB0D80A}.Release|x86.ActiveCfg = Release|iPhone
		{2235BBBF-D439-4CF5-A183-2CA49D2599C0}.Debug|Any CPU.ActiveCfg = Debug|Any CPU
		{2235BBBF-D439-4CF5-A183-2CA49D2599C0}.Debug|Any CPU.Build.0 = Debug|Any CPU
		{2235BBBF-D439-4CF5-A183-2CA49D2599C0}.Debug|Any CPU.Deploy.0 = Debug|Any CPU
		{2235BBBF-D439-4CF5-A183-2CA49D2599C0}.Debug|ARM.ActiveCfg = Debug|ARM
		{2235BBBF-D439-4CF5-A183-2CA49D2599C0}.Debug|ARM.Build.0 = Debug|ARM
		{2235BBBF-D439-4CF5-A183-2CA49D2599C0}.Debug|ARM.Deploy.0 = Debug|ARM
		{2235BBBF-D439-4CF5-A183-2CA49D2599C0}.Debug|iPhone.ActiveCfg = Debug|Any CPU
		{2235BBBF-D439-4CF5-A183-2CA49D2599C0}.Debug|iPhone.Build.0 = Debug|Any CPU
		{2235BBBF-D439-4CF5-A183-2CA49D2599C0}.Debug|iPhone.Deploy.0 = Debug|Any CPU
		{2235BBBF-D439-4CF5-A183-2CA49D2599C0}.Debug|iPhoneSimulator.ActiveCfg = Debug|Any CPU
		{2235BBBF-D439-4CF5-A183-2CA49D2599C0}.Debug|iPhoneSimulator.Build.0 = Debug|Any CPU
		{2235BBBF-D439-4CF5-A183-2CA49D2599C0}.Debug|iPhoneSimulator.Deploy.0 = Debug|Any CPU
		{2235BBBF-D439-4CF5-A183-2CA49D2599C0}.Debug|x86.ActiveCfg = Debug|x86
		{2235BBBF-D439-4CF5-A183-2CA49D2599C0}.Debug|x86.Build.0 = Debug|x86
		{2235BBBF-D439-4CF5-A183-2CA49D2599C0}.Debug|x86.Deploy.0 = Debug|x86
		{2235BBBF-D439-4CF5-A183-2CA49D2599C0}.Release|Any CPU.ActiveCfg = Release|Any CPU
		{2235BBBF-D439-4CF5-A183-2CA49D2599C0}.Release|Any CPU.Build.0 = Release|Any CPU
		{2235BBBF-D439-4CF5-A183-2CA49D2599C0}.Release|Any CPU.Deploy.0 = Release|Any CPU
		{2235BBBF-D439-4CF5-A183-2CA49D2599C0}.Release|ARM.ActiveCfg = Release|ARM
		{2235BBBF-D439-4CF5-A183-2CA49D2599C0}.Release|ARM.Build.0 = Release|ARM
		{2235BBBF-D439-4CF5-A183-2CA49D2599C0}.Release|ARM.Deploy.0 = Release|ARM
		{2235BBBF-D439-4CF5-A183-2CA49D2599C0}.Release|iPhone.ActiveCfg = Release|Any CPU
		{2235BBBF-D439-4CF5-A183-2CA49D2599C0}.Release|iPhone.Build.0 = Release|Any CPU
		{2235BBBF-D439-4CF5-A183-2CA49D2599C0}.Release|iPhone.Deploy.0 = Release|Any CPU
		{2235BBBF-D439-4CF5-A183-2CA49D2599C0}.Release|iPhoneSimulator.ActiveCfg = Release|Any CPU
		{2235BBBF-D439-4CF5-A183-2CA49D2599C0}.Release|iPhoneSimulator.Build.0 = Release|Any CPU
		{2235BBBF-D439-4CF5-A183-2CA49D2599C0}.Release|iPhoneSimulator.Deploy.0 = Release|Any CPU
		{2235BBBF-D439-4CF5-A183-2CA49D2599C0}.Release|x86.ActiveCfg = Release|x86
		{2235BBBF-D439-4CF5-A183-2CA49D2599C0}.Release|x86.Build.0 = Release|x86
		{2235BBBF-D439-4CF5-A183-2CA49D2599C0}.Release|x86.Deploy.0 = Release|x86
		{87FEACAB-583D-475D-A5CF-9B2631BE3060}.Debug|Any CPU.ActiveCfg = Debug|Any CPU
		{87FEACAB-583D-475D-A5CF-9B2631BE3060}.Debug|Any CPU.Build.0 = Debug|Any CPU
		{87FEACAB-583D-475D-A5CF-9B2631BE3060}.Debug|ARM.ActiveCfg = Debug|Any CPU
		{87FEACAB-583D-475D-A5CF-9B2631BE3060}.Debug|ARM.Build.0 = Debug|Any CPU
		{87FEACAB-583D-475D-A5CF-9B2631BE3060}.Debug|iPhone.ActiveCfg = Debug|Any CPU
		{87FEACAB-583D-475D-A5CF-9B2631BE3060}.Debug|iPhone.Build.0 = Debug|Any CPU
		{87FEACAB-583D-475D-A5CF-9B2631BE3060}.Debug|iPhoneSimulator.ActiveCfg = Debug|Any CPU
		{87FEACAB-583D-475D-A5CF-9B2631BE3060}.Debug|iPhoneSimulator.Build.0 = Debug|Any CPU
		{87FEACAB-583D-475D-A5CF-9B2631BE3060}.Debug|x86.ActiveCfg = Debug|Any CPU
		{87FEACAB-583D-475D-A5CF-9B2631BE3060}.Debug|x86.Build.0 = Debug|Any CPU
		{87FEACAB-583D-475D-A5CF-9B2631BE3060}.Release|Any CPU.ActiveCfg = Release|Any CPU
		{87FEACAB-583D-475D-A5CF-9B2631BE3060}.Release|Any CPU.Build.0 = Release|Any CPU
		{87FEACAB-583D-475D-A5CF-9B2631BE3060}.Release|ARM.ActiveCfg = Release|Any CPU
		{87FEACAB-583D-475D-A5CF-9B2631BE3060}.Release|ARM.Build.0 = Release|Any CPU
		{87FEACAB-583D-475D-A5CF-9B2631BE3060}.Release|iPhone.ActiveCfg = Release|Any CPU
		{87FEACAB-583D-475D-A5CF-9B2631BE3060}.Release|iPhone.Build.0 = Release|Any CPU
		{87FEACAB-583D-475D-A5CF-9B2631BE3060}.Release|iPhoneSimulator.ActiveCfg = Release|Any CPU
		{87FEACAB-583D-475D-A5CF-9B2631BE3060}.Release|iPhoneSimulator.Build.0 = Release|Any CPU
		{87FEACAB-583D-475D-A5CF-9B2631BE3060}.Release|x86.ActiveCfg = Release|Any CPU
		{87FEACAB-583D-475D-A5CF-9B2631BE3060}.Release|x86.Build.0 = Release|Any CPU
	EndGlobalSection
	GlobalSection(SolutionProperties) = preSolution
		HideSolutionNode = FALSE
	EndGlobalSection
EndGlobal
